# This file is automatically @generated by Cargo.
# It is not intended for manual editing.
version = 3

[[package]]
name = "bitflags"
version = "2.6.0"
source = "registry+https://github.com/rust-lang/crates.io-index"
checksum = "b048fb63fd8b5923fc5aa7b340d8e156aec7ec02f0c78fa8a6ddc2613f6f71de"

[[package]]
name = "exempi-sys"
version = "2.5.3"
source = "registry+https://github.com/rust-lang/crates.io-index"
checksum = "75d335991f0d688dfa39dc8c5ac36130d2c62c53abf83e4d48f1c6c4602cfdab"
dependencies = [
 "libc",
 "pkg-config",
]

[[package]]
name = "exempi2"
version = "0.2.0"
source = "registry+https://github.com/rust-lang/crates.io-index"
checksum = "777d5572cf417f70a0439febffbca316d93c33e98fa01e20b77dcf9fdf0f8fa1"
dependencies = [
 "bitflags",
 "exempi-sys",
 "libc",
]

[[package]]
name = "libc"
version = "0.2.169"
source = "registry+https://github.com/rust-lang/crates.io-index"
checksum = "b5aba8db14291edd000dfcc4d620c7ebfb122c613afb886ca8803fa4e128a20a"

[[package]]
name = "pkg-config"
version = "0.3.31"
source = "registry+https://github.com/rust-lang/crates.io-index"
checksum = "953ec861398dccce10c670dfeaf3ec4911ca479e9c02154b3a215178c5f566f2"

[[package]]
name = "tagthing"
version = "0.1.0"
dependencies = [
 "exempi2",
]
